
Microsoft Visual Studio Solution File, Format Version 12.00
# Visual Studio Version 17
VisualStudioVersion = 17.0.31903.59
MinimumVisualStudioVersion = 10.0.40219.1
Project("{2150E333-8FDC-42A3-9474-1A3956D46DE8}") = "src", "src", "{827E0CD3-B72D-47B6-A68D-7590B98EB39B}"
EndProject
Project("{FAE04EC0-301F-11D3-BF4B-00C04F79EFBC}") = "AI-Bible-App.Core", "src\AI-Bible-App.Core\AI-Bible-App.Core.csproj", "{4453F010-B3E2-45B7-8103-0D6B781A5A02}"
EndProject
Project("{FAE04EC0-301F-11D3-BF4B-00C04F79EFBC}") = "AI-Bible-App.Infrastructure", "src\AI-Bible-App.Infrastructure\AI-Bible-App.Infrastructure.csproj", "{6F78F35B-871F-4163-A348-FBDF742B84EB}"
EndProject
Project("{FAE04EC0-301F-11D3-BF4B-00C04F79EFBC}") = "AI-Bible-App.Console", "src\AI-Bible-App.Console\AI-Bible-App.Console.csproj", "{573BA659-25F6-4940-96FD-9DFA7BAE0B6C}"
EndProject
Project("{2150E333-8FDC-42A3-9474-1A3956D46DE8}") = "tests", "tests", "{0AB3BF05-4346-4AA6-1389-037BE0695223}"
EndProject
Project("{FAE04EC0-301F-11D3-BF4B-00C04F79EFBC}") = "AI-Bible-App.Tests", "tests\AI-Bible-App.Tests\AI-Bible-App.Tests.csproj", "{C50CA8A5-C297-45DA-9CC1-50FD405646D5}"
EndProject
Project("{FAE04EC0-301F-11D3-BF4B-00C04F79EFBC}") = "AI-Bible-App.Maui", "src\AI-Bible-App.Maui\AI-Bible-App.Maui.csproj", "{B2B81050-5863-487B-8CB8-8E85681248EE}"
EndProject
Global
	GlobalSection(SolutionConfigurationPlatforms) = preSolution
		Debug|Any CPU = Debug|Any CPU
		Debug|x64 = Debug|x64
		Debug|x86 = Debug|x86
		Release|Any CPU = Release|Any CPU
		Release|x64 = Release|x64
		Release|x86 = Release|x86
	EndGlobalSection
	GlobalSection(ProjectConfigurationPlatforms) = postSolution
		{4453F010-B3E2-45B7-8103-0D6B781A5A02}.Debug|Any CPU.ActiveCfg = Debug|Any CPU
		{4453F010-B3E2-45B7-8103-0D6B781A5A02}.Debug|Any CPU.Build.0 = Debug|Any CPU
		{4453F010-B3E2-45B7-8103-0D6B781A5A02}.Debug|x64.ActiveCfg = Debug|Any CPU
		{4453F010-B3E2-45B7-8103-0D6B781A5A02}.Debug|x64.Build.0 = Debug|Any CPU
		{4453F010-B3E2-45B7-8103-0D6B781A5A02}.Debug|x86.ActiveCfg = Debug|Any CPU
		{4453F010-B3E2-45B7-8103-0D6B781A5A02}.Debug|x86.Build.0 = Debug|Any CPU
		{4453F010-B3E2-45B7-8103-0D6B781A5A02}.Release|Any CPU.ActiveCfg = Release|Any CPU
		{4453F010-B3E2-45B7-8103-0D6B781A5A02}.Release|Any CPU.Build.0 = Release|Any CPU
		{4453F010-B3E2-45B7-8103-0D6B781A5A02}.Release|x64.ActiveCfg = Release|Any CPU
		{4453F010-B3E2-45B7-8103-0D6B781A5A02}.Release|x64.Build.0 = Release|Any CPU
		{4453F010-B3E2-45B7-8103-0D6B781A5A02}.Release|x86.ActiveCfg = Release|Any CPU
		{4453F010-B3E2-45B7-8103-0D6B781A5A02}.Release|x86.Build.0 = Release|Any CPU
		{6F78F35B-871F-4163-A348-FBDF742B84EB}.Debug|Any CPU.ActiveCfg = Debug|Any CPU
		{6F78F35B-871F-4163-A348-FBDF742B84EB}.Debug|Any CPU.Build.0 = Debug|Any CPU
		{6F78F35B-871F-4163-A348-FBDF742B84EB}.Debug|x64.ActiveCfg = Debug|Any CPU
		{6F78F35B-871F-4163-A348-FBDF742B84EB}.Debug|x64.Build.0 = Debug|Any CPU
		{6F78F35B-871F-4163-A348-FBDF742B84EB}.Debug|x86.ActiveCfg = Debug|Any CPU
		{6F78F35B-871F-4163-A348-FBDF742B84EB}.Debug|x86.Build.0 = Debug|Any CPU
		{6F78F35B-871F-4163-A348-FBDF742B84EB}.Release|Any CPU.ActiveCfg = Release|Any CPU
		{6F78F35B-871F-4163-A348-FBDF742B84EB}.Release|Any CPU.Build.0 = Release|Any CPU
		{6F78F35B-871F-4163-A348-FBDF742B84EB}.Release|x64.ActiveCfg = Release|Any CPU
		{6F78F35B-871F-4163-A348-FBDF742B84EB}.Release|x64.Build.0 = Release|Any CPU
		{6F78F35B-871F-4163-A348-FBDF742B84EB}.Release|x86.ActiveCfg = Release|Any CPU
		{6F78F35B-871F-4163-A348-FBDF742B84EB}.Release|x86.Build.0 = Release|Any CPU
		{573BA659-25F6-4940-96FD-9DFA7BAE0B6C}.Debug|Any CPU.ActiveCfg = Debug|Any CPU
		{573BA659-25F6-4940-96FD-9DFA7BAE0B6C}.Debug|Any CPU.Build.0 = Debug|Any CPU
		{573BA659-25F6-4940-96FD-9DFA7BAE0B6C}.Debug|x64.ActiveCfg = Debug|Any CPU
		{573BA659-25F6-4940-96FD-9DFA7BAE0B6C}.Debug|x64.Build.0 = Debug|Any CPU
		{573BA659-25F6-4940-96FD-9DFA7BAE0B6C}.Debug|x86.ActiveCfg = Debug|Any CPU
		{573BA659-25F6-4940-96FD-9DFA7BAE0B6C}.Debug|x86.Build.0 = Debug|Any CPU
		{573BA659-25F6-4940-96FD-9DFA7BAE0B6C}.Release|Any CPU.ActiveCfg = Release|Any CPU
		{573BA659-25F6-4940-96FD-9DFA7BAE0B6C}.Release|Any CPU.Build.0 = Release|Any CPU
		{573BA659-25F6-4940-96FD-9DFA7BAE0B6C}.Release|x64.ActiveCfg = Release|Any CPU
		{573BA659-25F6-4940-96FD-9DFA7BAE0B6C}.Release|x64.Build.0 = Release|Any CPU
		{573BA659-25F6-4940-96FD-9DFA7BAE0B6C}.Release|x86.ActiveCfg = Release|Any CPU
		{573BA659-25F6-4940-96FD-9DFA7BAE0B6C}.Release|x86.Build.0 = Release|Any CPU
		{C50CA8A5-C297-45DA-9CC1-50FD405646D5}.Debug|Any CPU.ActiveCfg = Debug|Any CPU
		{C50CA8A5-C297-45DA-9CC1-50FD405646D5}.Debug|Any CPU.Build.0 = Debug|Any CPU
		{C50CA8A5-C297-45DA-9CC1-50FD405646D5}.Debug|x64.ActiveCfg = Debug|Any CPU
		{C50CA8A5-C297-45DA-9CC1-50FD405646D5}.Debug|x64.Build.0 = Debug|Any CPU
		{C50CA8A5-C297-45DA-9CC1-50FD405646D5}.Debug|x86.ActiveCfg = Debug|Any CPU
		{C50CA8A5-C297-45DA-9CC1-50FD405646D5}.Debug|x86.Build.0 = Debug|Any CPU
		{C50CA8A5-C297-45DA-9CC1-50FD405646D5}.Release|Any CPU.ActiveCfg = Release|Any CPU
		{C50CA8A5-C297-45DA-9CC1-50FD405646D5}.Release|Any CPU.Build.0 = Release|Any CPU
		{C50CA8A5-C297-45DA-9CC1-50FD405646D5}.Release|x64.ActiveCfg = Release|Any CPU
		{C50CA8A5-C297-45DA-9CC1-50FD405646D5}.Release|x64.Build.0 = Release|Any CPU
		{C50CA8A5-C297-45DA-9CC1-50FD405646D5}.Release|x86.ActiveCfg = Release|Any CPU
		{C50CA8A5-C297-45DA-9CC1-50FD405646D5}.Release|x86.Build.0 = Release|Any CPU
		{B2B81050-5863-487B-8CB8-8E85681248EE}.Debug|Any CPU.ActiveCfg = Debug|Any CPU
		{B2B81050-5863-487B-8CB8-8E85681248EE}.Debug|Any CPU.Build.0 = Debug|Any CPU
		{B2B81050-5863-487B-8CB8-8E85681248EE}.Debug|x64.ActiveCfg = Debug|Any CPU
		{B2B81050-5863-487B-8CB8-8E85681248EE}.Debug|x64.Build.0 = Debug|Any CPU
		{B2B81050-5863-487B-8CB8-8E85681248EE}.Debug|x86.ActiveCfg = Debug|Any CPU
		{B2B81050-5863-487B-8CB8-8E85681248EE}.Debug|x86.Build.0 = Debug|Any CPU
		{B2B81050-5863-487B-8CB8-8E85681248EE}.Release|Any CPU.ActiveCfg = Release|Any CPU
		{B2B81050-5863-487B-8CB8-8E85681248EE}.Release|Any CPU.Build.0 = Release|Any CPU
		{B2B81050-5863-487B-8CB8-8E85681248EE}.Release|x64.ActiveCfg = Release|Any CPU
		{B2B81050-5863-487B-8CB8-8E85681248EE}.Release|x64.Build.0 = Release|Any CPU
		{B2B81050-5863-487B-8CB8-8E85681248EE}.Release|x86.ActiveCfg = Release|Any CPU
		{B2B81050-5863-487B-8CB8-8E85681248EE}.Release|x86.Build.0 = Release|Any CPU
	EndGlobalSection
	GlobalSection(SolutionProperties) = preSolution
		HideSolutionNode = FALSE
	EndGlobalSection
	GlobalSection(NestedProjects) = preSolution
		{4453F010-B3E2-45B7-8103-0D6B781A5A02} = {827E0CD3-B72D-47B6-A68D-7590B98EB39B}
		{6F78F35B-871F-4163-A348-FBDF742B84EB} = {827E0CD3-B72D-47B6-A68D-7590B98EB39B}
		{573BA659-25F6-4940-96FD-9DFA7BAE0B6C} = {827E0CD3-B72D-47B6-A68D-7590B98EB39B}
		{C50CA8A5-C297-45DA-9CC1-50FD405646D5} = {0AB3BF05-4346-4AA6-1389-037BE0695223}
		{B2B81050-5863-487B-8CB8-8E85681248EE} = {827E0CD3-B72D-47B6-A68D-7590B98EB39B}
	EndGlobalSection
EndGlobal
